
Microsoft Visual Studio Solution File, Format Version 12.00
# Visual Studio 15
VisualStudioVersion = 15.0.28307.168
MinimumVisualStudioVersion = 10.0.40219.1
Project("{FAE04EC0-301F-11D3-BF4B-00C04F79EFBC}") = "Kata.Tests", "Kata.Tests\Kata.Tests.csproj", "{D6F27389-17F9-4CE5-B607-B871BD053229}"
EndProject
Global
	GlobalSection(SolutionConfigurationPlatforms) = preSolution
		Debug|Any CPU = Debug|Any CPU
		Release|Any CPU = Release|Any CPU
	EndGlobalSection
	GlobalSection(ProjectConfigurationPlatforms) = postSolution
		{D6F27389-17F9-4CE5-B607-B871BD053229}.Debug|Any CPU.ActiveCfg = Debug|Any CPU
		{D6F27389-17F9-4CE5-B607-B871BD053229}.Debug|Any CPU.Build.0 = Debug|Any CPU
		{D6F27389-17F9-4CE5-B607-B871BD053229}.Release|Any CPU.ActiveCfg = Release|Any CPU
		{D6F27389-17F9-4CE5-B607-B871BD053229}.Release|Any CPU.Build.0 = Release|Any CPU
	EndGlobalSection
	GlobalSection(SolutionProperties) = preSolution
		HideSolutionNode = FALSE
	EndGlobalSection
	GlobalSection(ExtensibilityGlobals) = postSolution
		SolutionGuid = {448E99EB-F964-42D0-9C5A-12668D895F34}
	EndGlobalSection
EndGlobal
